{
    "_readme": [
        "This file locks the dependencies of your project to a known state",
        "Read more about it at https://getcomposer.org/doc/01-basic-usage.md#installing-dependencies",
        "This file is @generated automatically"
    ],
    "content-hash": "e35b104bf808d59d6ed75d08c8c68f1e",
    "packages": [
        {
            "name": "symfony/flex",
            "version": "v1.13.3",
            "source": {
                "type": "git",
                "url": "https://github.com/symfony/flex.git",
                "reference": "2597d0dda8042c43eed44a9cd07236b897e427d7"
            },
            "dist": {
                "type": "zip",
                "url": "https://api.github.com/repos/symfony/flex/zipball/2597d0dda8042c43eed44a9cd07236b897e427d7",
                "reference": "2597d0dda8042c43eed44a9cd07236b897e427d7",
                "shasum": ""
            },
            "require": {
                "composer-plugin-api": "^1.0|^2.0",
                "php": ">=7.1"
            },
            "require-dev": {
                "composer/composer": "^1.0.2|^2.0",
                "symfony/dotenv": "^4.4|^5.0",
                "symfony/filesystem": "^4.4|^5.0",
                "symfony/phpunit-bridge": "^4.4|^5.0",
                "symfony/process": "^3.4|^4.4|^5.0"
            },
            "type": "composer-plugin",
            "extra": {
                "branch-alias": {
                    "dev-main": "1.13-dev"
                },
                "class": "Symfony\\Flex\\Flex"
            },
            "autoload": {
                "psr-4": {
                    "Symfony\\Flex\\": "src"
                }
            },
            "notification-url": "https://packagist.org/downloads/",
            "license": [
                "MIT"
            ],
            "authors": [
                {
                    "name": "Fabien Potencier",
                    "email": "fabien.potencier@gmail.com"
                }
            ],
            "description": "Composer plugin for Symfony",
            "funding": [
                {
                    "url": "https://symfony.com/sponsor",
                    "type": "custom"
                },
                {
                    "url": "https://github.com/fabpot",
                    "type": "github"
                },
                {
                    "url": "https://tidelift.com/funding/github/packagist/symfony/symfony",
                    "type": "tidelift"
                }
            ],
            "time": "2021-05-19T07:19:15+00:00"
        }
    ],
    "packages-dev": [],
    "aliases": [],
    "minimum-stability": "stable",
    "stability-flags": [],
    "prefer-stable": true,
    "prefer-lowest": false,
    "platform": {
        "php": ">=7.2.5",
        "ext-ctype": "*",
        "ext-iconv": "*"
    },
    "platform-dev": [],
    "plugin-api-version": "1.1.0"
}
